<?xml version="1.0" encoding="utf-8"?>
<Project ToolsVersion="4.0" xmlns="http://schemas.microsoft.com/developer/msbuild/2003">
  <ItemGroup>
    <Filter Include="Source Files">
      <UniqueIdentifier>{4FC737F1-C7A5-4376-A066-2A32D752A2FF}</UniqueIdentifier>
      <Extensions>cpp;c;cc;cxx;c++;cppm;ixx;def;odl;idl;hpj;bat;asm;asmx</Extensions>
    </Filter>
    <Filter Include="Header Files">
      <UniqueIdentifier>{93995380-89BD-4b04-88EB-625FBE52EBFB}</UniqueIdentifier>
      <Extensions>h;hh;hpp;hxx;h++;hm;inl;inc;ipp;xsd</Extensions>
    </Filter>
    <Filter Include="Resource Files">
      <UniqueIdentifier>{67DA6AB6-F800-4c08-8B7A-83BB121AAD01}</UniqueIdentifier>
      <Extensions>rc;ico;cur;bmp;dlg;rc2;rct;bin;rgs;gif;jpg;jpeg;jpe;resx;tiff;tif;png;wav;mfcribbon-ms</Extensions>
    </Filter>
    <Filter Include="Source Files\imgui">
      <UniqueIdentifier>{e0726f8b-0091-4886-a7f9-d1f9cf1dc964}</UniqueIdentifier>
    </Filter>
    <Filter Include="Header Files\ue4">
      <UniqueIdentifier>{c372a2c6-98a5-44f6-8ff3-cb7468165ed3}</UniqueIdentifier>
    </Filter>
    <Filter Include="Header Files\GUI">
      <UniqueIdentifier>{9bfd088f-b90b-40ad-86b4-b3ddeae3d800}</UniqueIdentifier>
    </Filter>
    <Filter Include="Header Files\libs">
      <UniqueIdentifier>{1ef70153-6847-4172-8d24-fd6e6a0e1aa9}</UniqueIdentifier>
    </Filter>
    <Filter Include="Header Files\GUI\sections">
      <UniqueIdentifier>{ce6e098d-de34-4883-9644-4cb91266f7db}</UniqueIdentifier>
    </Filter>
    <Filter Include="Header Files\GUI\sections\debug">
      <UniqueIdentifier>{179eb1d4-e3bb-4cd2-9c38-9f8dafc112eb}</UniqueIdentifier>
    </Filter>
    <Filter Include="Header Files\GUI\sections\visuals">
      <UniqueIdentifier>{2a86a5d7-f7ad-4fde-83bc-c8e444be6a06}</UniqueIdentifier>
    </Filter>
    <Filter Include="Header Files\GUI\sections\aimbot">
      <UniqueIdentifier>{0a594e32-a6e4-4c0f-b7f6-fa865fcde7a8}</UniqueIdentifier>
    </Filter>
    <Filter Include="Header Files\GUI\sections\host">
      <UniqueIdentifier>{252de979-3313-4e2a-aa3a-b5fadd662e10}</UniqueIdentifier>
    </Filter>
    <Filter Include="Header Files\GUI\sections\host\WeaponCollapsingHeader">
      <UniqueIdentifier>{79b025cf-8cb6-4833-a906-a8e10636c7f3}</UniqueIdentifier>
    </Filter>
    <Filter Include="Header Files\GUI\sections\host\PlayerCollapsingHeader">
      <UniqueIdentifier>{47f96955-001d-41c8-97d6-85e83618cf2e}</UniqueIdentifier>
    </Filter>
    <Filter Include="Header Files\GUI\sections\misc">
      <UniqueIdentifier>{3e6a847a-72d7-4a67-8be1-ef2b7685a51c}</UniqueIdentifier>
    </Filter>
    <Filter Include="Source Files\imguifiledialog">
      <UniqueIdentifier>{802dafb6-86bd-4d18-a758-3c29ebb5fd2e}</UniqueIdentifier>
    </Filter>
    <Filter Include="Header Files\imguifiledialog">
      <UniqueIdentifier>{57ef70e0-f91a-4aab-863f-4d514f35d860}</UniqueIdentifier>
    </Filter>
  </ItemGroup>
  <ItemGroup>
    <ClInclude Include="framework.h">
      <Filter>Header Files</Filter>
    </ClInclude>
    <ClInclude Include="Globals.h">
      <Filter>Header Files</Filter>
    </ClInclude>
    <ClInclude Include="hooks.h">
      <Filter>Header Files</Filter>
    </ClInclude>
    <ClInclude Include="offsets.h">
      <Filter>Header Files</Filter>
    </ClInclude>
    <ClInclude Include="pch.h">
      <Filter>Header Files</Filter>
    </ClInclude>
    <ClInclude Include="Native.h">
      <Filter>Header Files</Filter>
    </ClInclude>
    <ClInclude Include="util.h">
      <Filter>Header Files</Filter>
    </ClInclude>
    <ClInclude Include="d3dhook.h">
      <Filter>Header Files\GUI</Filter>
    </ClInclude>
    <ClInclude Include="engine.h">
      <Filter>Header Files\ue4</Filter>
    </ClInclude>
    <ClInclude Include="guirenderer.h">
      <Filter>Header Files\GUI</Filter>
    </ClInclude>
    <ClInclude Include="ue4structs.h">
      <Filter>Header Files\ue4</Filter>
    </ClInclude>
    <ClInclude Include="upgunstructs.h">
      <Filter>Header Files\ue4</Filter>
    </ClInclude>
    <ClInclude Include="ue4.h">
      <Filter>Header Files\ue4</Filter>
    </ClInclude>
    <ClInclude Include="termcolor.hpp">
      <Filter>Header Files\libs</Filter>
    </ClInclude>
    <ClInclude Include="guihelpers.h">
      <Filter>Header Files\GUI</Filter>
    </ClInclude>
    <ClInclude Include="guicomponents.h">
      <Filter>Header Files\GUI</Filter>
    </ClInclude>
    <ClInclude Include="tabSelector.h">
      <Filter>Header Files\GUI\sections</Filter>
    </ClInclude>
    <ClInclude Include="PawnCustomTimeDilatation.h">
      <Filter>Header Files\GUI\sections\host</Filter>
    </ClInclude>
    <ClInclude Include="host.h">
      <Filter>Header Files\GUI\sections</Filter>
    </ClInclude>
    <ClInclude Include="WorldCustomTimeDilatation.h">
      <Filter>Header Files\GUI\sections\host</Filter>
    </ClInclude>
    <ClInclude Include="guisections.h">
      <Filter>Header Files\GUI</Filter>
    </ClInclude>
    <ClInclude Include="WeaponCollapsingHeader.h">
      <Filter>Header Files\GUI\sections\host</Filter>
    </ClInclude>
    <ClInclude Include="WeaponCollapsingHeaderNoSpread.h">
      <Filter>Header Files\GUI\sections\host\WeaponCollapsingHeader</Filter>
    </ClInclude>
    <ClInclude Include="WeaponCollapsingHeaderRifleFireRateMultiplier.h">
      <Filter>Header Files\GUI\sections\host\WeaponCollapsingHeader</Filter>
    </ClInclude>
    <ClInclude Include="WeaponCollapsingHeaderBulletCriticalHitChanceMultiplier.h">
      <Filter>Header Files\GUI\sections\host\WeaponCollapsingHeader</Filter>
    </ClInclude>
    <ClInclude Include="WeaponCollapsingHeaderBulletDamageMultiplier.h">
      <Filter>Header Files\GUI\sections\host\WeaponCollapsingHeader</Filter>
    </ClInclude>
    <ClInclude Include="WeaponCollapsingHeaderBulletSpeedMultiplier.h">
      <Filter>Header Files\GUI\sections\host\WeaponCollapsingHeader</Filter>
    </ClInclude>
    <ClInclude Include="WeaponCollapsingHeaderResetValues.h">
      <Filter>Header Files\GUI\sections\host\WeaponCollapsingHeader</Filter>
    </ClInclude>
    <ClInclude Include="WeaponCollapsingHeaderRifleMagazine.h">
      <Filter>Header Files\GUI\sections\host\WeaponCollapsingHeader</Filter>
    </ClInclude>
    <ClInclude Include="PlayerCollapsingHeader.h">
      <Filter>Header Files\GUI\sections\host</Filter>
    </ClInclude>
    <ClInclude Include="PlayerCollapsingHeaderHealthMultiplier.h">
      <Filter>Header Files\GUI\sections\host\PlayerCollapsingHeader</Filter>
    </ClInclude>
    <ClInclude Include="PlayerCollapsingHeaderWalkSpeedMultiplier.h">
      <Filter>Header Files\GUI\sections\host\PlayerCollapsingHeader</Filter>
    </ClInclude>
    <ClInclude Include="PlayerCollapsingHeaderResetValues.h">
      <Filter>Header Files\GUI\sections\host\PlayerCollapsingHeader</Filter>
    </ClInclude>
    <ClInclude Include="WeaponCollapsingHeaderComponents.h">
      <Filter>Header Files\GUI\sections\host\WeaponCollapsingHeader</Filter>
    </ClInclude>
    <ClInclude Include="PlayerCollapsingHeaderComponents.h">
      <Filter>Header Files\GUI\sections\host\PlayerCollapsingHeader</Filter>
    </ClInclude>
    <ClInclude Include="debug.h">
      <Filter>Header Files\GUI\sections</Filter>
    </ClInclude>
    <ClInclude Include="printAddresses.h">
      <Filter>Header Files\GUI\sections\debug</Filter>
    </ClInclude>
    <ClInclude Include="debugmenucomponents.h">
      <Filter>Header Files\GUI\sections\debug</Filter>
    </ClInclude>
    <ClInclude Include="dumpActors.h">
      <Filter>Header Files\GUI\sections\debug</Filter>
    </ClInclude>
    <ClInclude Include="debugTeam.h">
      <Filter>Header Files\GUI\sections\debug</Filter>
    </ClInclude>
    <ClInclude Include="debugGamemodeName.h">
      <Filter>Header Files\GUI\sections\debug</Filter>
    </ClInclude>
    <ClInclude Include="debugWorldSettings.h">
      <Filter>Header Files\GUI\sections\debug</Filter>
    </ClInclude>
    <ClInclude Include="visualsMenu.h">
      <Filter>Header Files\GUI\sections</Filter>
    </ClInclude>
    <ClInclude Include="visualsmenucomponents.h">
      <Filter>Header Files\GUI\sections\visuals</Filter>
    </ClInclude>
    <ClInclude Include="visualFOV.h">
      <Filter>Header Files\GUI\sections\visuals</Filter>
    </ClInclude>
    <ClInclude Include="visualBooleans.h">
      <Filter>Header Files\GUI\sections\visuals</Filter>
    </ClInclude>
    <ClInclude Include="visualDistSettings.h">
      <Filter>Header Files\GUI\sections\visuals</Filter>
    </ClInclude>
    <ClInclude Include="visualColorSettings.h">
      <Filter>Header Files\GUI\sections\visuals</Filter>
    </ClInclude>
    <ClInclude Include="miscMenu.h">
      <Filter>Header Files\GUI\sections</Filter>
    </ClInclude>
    <ClInclude Include="aimbotMenu.h">
      <Filter>Header Files\GUI\sections</Filter>
    </ClInclude>
    <ClInclude Include="aimbotmenucomponents.h">
      <Filter>Header Files\GUI\sections\aimbot</Filter>
    </ClInclude>
    <ClInclude Include="aimbotPosSelector.h">
      <Filter>Header Files\GUI\sections\aimbot</Filter>
    </ClInclude>
    <ClInclude Include="aimbotKeySelector.h">
      <Filter>Header Files\GUI\sections\aimbot</Filter>
    </ClInclude>
    <ClInclude Include="aimbotBooleans.h">
      <Filter>Header Files\GUI\sections\aimbot</Filter>
    </ClInclude>
    <ClInclude Include="aimbotSettings.h">
      <Filter>Header Files\GUI\sections\aimbot</Filter>
    </ClInclude>
    <ClInclude Include="debugIsPlayingMME.h">
      <Filter>Header Files\GUI\sections\debug</Filter>
    </ClInclude>
    <ClInclude Include="misccomponents.h">
      <Filter>Header Files\GUI\sections\misc</Filter>
    </ClInclude>
    <ClInclude Include="buildConsole.h">
      <Filter>Header Files\GUI\sections\misc</Filter>
    </ClInclude>
    <ClInclude Include="config.h">
      <Filter>Header Files</Filter>
    </ClInclude>
    <ClInclude Include="ImGuiFileDialog\ImGuiFileDialogConfig.h">
      <Filter>Header Files\imguifiledialog</Filter>
    </ClInclude>
    <ClInclude Include="ImGuiFileDialog\ImGuiFileDialog.h">
      <Filter>Header Files\imguifiledialog</Filter>
    </ClInclude>
    <ClInclude Include="json.hpp">
      <Filter>Header Files\libs</Filter>
    </ClInclude>
    <ClInclude Include="loadConfig.h">
      <Filter>Header Files\GUI\sections\misc</Filter>
    </ClInclude>
    <ClInclude Include="writeConfig.h">
      <Filter>Header Files\GUI\sections\misc</Filter>
    </ClInclude>
  </ItemGroup>
  <ItemGroup>
    <ClCompile Include="dllmain.cpp">
      <Filter>Source Files</Filter>
    </ClCompile>
    <ClCompile Include="pch.cpp">
      <Filter>Source Files</Filter>
    </ClCompile>
    <ClCompile Include="..\imgui\imgui.cpp">
      <Filter>Source Files\imgui</Filter>
    </ClCompile>
    <ClCompile Include="..\imgui\imgui_draw.cpp">
      <Filter>Source Files\imgui</Filter>
    </ClCompile>
    <ClCompile Include="..\imgui\imgui_impl_dx11.cpp">
      <Filter>Source Files\imgui</Filter>
    </ClCompile>
    <ClCompile Include="..\imgui\imgui_impl_win32.cpp">
      <Filter>Source Files\imgui</Filter>
    </ClCompile>
    <ClCompile Include="..\imgui\imgui_tables.cpp">
      <Filter>Source Files\imgui</Filter>
    </ClCompile>
    <ClCompile Include="..\imgui\imgui_widgets.cpp">
      <Filter>Source Files\imgui</Filter>
    </ClCompile>
    <ClCompile Include="ImGuiFileDialog\ImGuiFileDialog.cpp">
      <Filter>Source Files\imguifiledialog</Filter>
    </ClCompile>
  </ItemGroup>
  <ItemGroup>
    <None Include="packages.config" />
  </ItemGroup>
</Project>